
Microsoft Visual Studio Solution File, Format Version 12.00
# Visual Studio Version 17
VisualStudioVersion = 17.11.35312.102
MinimumVisualStudioVersion = 10.0.40219.1
Project("{FAE04EC0-301F-11D3-BF4B-00C04F79EFBC}") = "SendEmailWebApi", "SendEmailWebApi.csproj", "{D9F49C1F-1906-4FCA-AB91-53C792DD0FBD}"
EndProject
Global
	GlobalSection(SolutionConfigurationPlatforms) = preSolution
		Debug|Any CPU = Debug|Any CPU
		Release|Any CPU = Release|Any CPU
	EndGlobalSection
	GlobalSection(ProjectConfigurationPlatforms) = postSolution
		{D9F49C1F-1906-4FCA-AB91-53C792DD0FBD}.Debug|Any CPU.ActiveCfg = Debug|Any CPU
		{D9F49C1F-1906-4FCA-AB91-53C792DD0FBD}.Debug|Any CPU.Build.0 = Debug|Any CPU
		{D9F49C1F-1906-4FCA-AB91-53C792DD0FBD}.Release|Any CPU.ActiveCfg = Release|Any CPU
		{D9F49C1F-1906-4FCA-AB91-53C792DD0FBD}.Release|Any CPU.Build.0 = Release|Any CPU
	EndGlobalSection
	GlobalSection(SolutionProperties) = preSolution
		HideSolutionNode = FALSE
	EndGlobalSection
	GlobalSection(ExtensibilityGlobals) = postSolution
		SolutionGuid = {7DB4B628-329C-4D2A-87EF-2B381C5FC415}
	EndGlobalSection
EndGlobal
